// !$*UTF8*$!
{
	archiveVersion = 1;
	classes = {
	};
	objectVersion = 50;
	objects = {

/* Begin PBXBuildFile section */
		0949EC64249EA3A000DFC160 /* AllGroupsController.swift in Sources */ = {isa = PBXBuildFile; fileRef = 0949EC63249EA3A000DFC160 /* AllGroupsController.swift */; };
		0949EC66249EA3C500DFC160 /* AllGroupsCell.swift in Sources */ = {isa = PBXBuildFile; fileRef = 0949EC65249EA3C500DFC160 /* AllGroupsCell.swift */; };
		0949EC69249F6A2D00DFC160 /* MyGroupsController.swift in Sources */ = {isa = PBXBuildFile; fileRef = 0949EC68249F6A2D00DFC160 /* MyGroupsController.swift */; };
		0949EC6B249F6A4B00DFC160 /* MyGroupsCell.swift in Sources */ = {isa = PBXBuildFile; fileRef = 0949EC6A249F6A4B00DFC160 /* MyGroupsCell.swift */; };
		0949EC6E249F6F7600DFC160 /* FriendsCell.swift in Sources */ = {isa = PBXBuildFile; fileRef = 0949EC6D249F6F7600DFC160 /* FriendsCell.swift */; };
		0949EC70249F6F8C00DFC160 /* FriendsController.swift in Sources */ = {isa = PBXBuildFile; fileRef = 0949EC6F249F6F8C00DFC160 /* FriendsController.swift */; };
		0949EC73249F729200DFC160 /* PhotoController.swift in Sources */ = {isa = PBXBuildFile; fileRef = 0949EC72249F729200DFC160 /* PhotoController.swift */; };
		0949EC75249F72A700DFC160 /* PhotoCell.swift in Sources */ = {isa = PBXBuildFile; fileRef = 0949EC74249F72A700DFC160 /* PhotoCell.swift */; };
		0949EC78249F760400DFC160 /* User.swift in Sources */ = {isa = PBXBuildFile; fileRef = 0949EC77249F760400DFC160 /* User.swift */; };
		0949EC7A249F762F00DFC160 /* Group.swift in Sources */ = {isa = PBXBuildFile; fileRef = 0949EC79249F762F00DFC160 /* Group.swift */; };
		09B45C882496C0EB001D1CC1 /* AppDelegate.swift in Sources */ = {isa = PBXBuildFile; fileRef = 09B45C872496C0EB001D1CC1 /* AppDelegate.swift */; };
		09B45C8F2496C0EB001D1CC1 /* Main.storyboard in Resources */ = {isa = PBXBuildFile; fileRef = 09B45C8D2496C0EB001D1CC1 /* Main.storyboard */; };
		09B45C912496C0EE001D1CC1 /* Assets.xcassets in Resources */ = {isa = PBXBuildFile; fileRef = 09B45C902496C0EE001D1CC1 /* Assets.xcassets */; };
		09B45C942496C0EE001D1CC1 /* LaunchScreen.storyboard in Resources */ = {isa = PBXBuildFile; fileRef = 09B45C922496C0EE001D1CC1 /* LaunchScreen.storyboard */; };
		09B45C9C2496D442001D1CC1 /* LoginFormController.swift in Sources */ = {isa = PBXBuildFile; fileRef = 09B45C9B2496D442001D1CC1 /* LoginFormController.swift */; };
/* End PBXBuildFile section */

/* Begin PBXFileReference section */
		0949EC63249EA3A000DFC160 /* AllGroupsController.swift */ = {isa = PBXFileReference; lastKnownFileType = sourcecode.swift; path = AllGroupsController.swift; sourceTree = "<group>"; };
		0949EC65249EA3C500DFC160 /* AllGroupsCell.swift */ = {isa = PBXFileReference; lastKnownFileType = sourcecode.swift; path = AllGroupsCell.swift; sourceTree = "<group>"; };
		0949EC68249F6A2D00DFC160 /* MyGroupsController.swift */ = {isa = PBXFileReference; lastKnownFileType = sourcecode.swift; path = MyGroupsController.swift; sourceTree = "<group>"; };
		0949EC6A249F6A4B00DFC160 /* MyGroupsCell.swift */ = {isa = PBXFileReference; lastKnownFileType = sourcecode.swift; path = MyGroupsCell.swift; sourceTree = "<group>"; };
		0949EC6D249F6F7600DFC160 /* FriendsCell.swift */ = {isa = PBXFileReference; lastKnownFileType = sourcecode.swift; path = FriendsCell.swift; sourceTree = "<group>"; };
		0949EC6F249F6F8C00DFC160 /* FriendsController.swift */ = {isa = PBXFileReference; lastKnownFileType = sourcecode.swift; path = FriendsController.swift; sourceTree = "<group>"; };
		0949EC72249F729200DFC160 /* PhotoController.swift */ = {isa = PBXFileReference; lastKnownFileType = sourcecode.swift; path = PhotoController.swift; sourceTree = "<group>"; };
		0949EC74249F72A700DFC160 /* PhotoCell.swift */ = {isa = PBXFileReference; lastKnownFileType = sourcecode.swift; path = PhotoCell.swift; sourceTree = "<group>"; };
		0949EC77249F760400DFC160 /* User.swift */ = {isa = PBXFileReference; lastKnownFileType = sourcecode.swift; path = User.swift; sourceTree = "<group>"; };
		0949EC79249F762F00DFC160 /* Group.swift */ = {isa = PBXFileReference; lastKnownFileType = sourcecode.swift; path = Group.swift; sourceTree = "<group>"; };
		09B45C842496C0EB001D1CC1 /* VK_app.app */ = {isa = PBXFileReference; explicitFileType = wrapper.application; includeInIndex = 0; path = VK_app.app; sourceTree = BUILT_PRODUCTS_DIR; };
		09B45C872496C0EB001D1CC1 /* AppDelegate.swift */ = {isa = PBXFileReference; lastKnownFileType = sourcecode.swift; path = AppDelegate.swift; sourceTree = "<group>"; };
		09B45C8E2496C0EB001D1CC1 /* Base */ = {isa = PBXFileReference; lastKnownFileType = file.storyboard; name = Base; path = Base.lproj/Main.storyboard; sourceTree = "<group>"; };
		09B45C902496C0EE001D1CC1 /* Assets.xcassets */ = {isa = PBXFileReference; lastKnownFileType = folder.assetcatalog; path = Assets.xcassets; sourceTree = "<group>"; };
		09B45C932496C0EE001D1CC1 /* Base */ = {isa = PBXFileReference; lastKnownFileType = file.storyboard; name = Base; path = Base.lproj/LaunchScreen.storyboard; sourceTree = "<group>"; };
		09B45C952496C0EE001D1CC1 /* Info.plist */ = {isa = PBXFileReference; lastKnownFileType = text.plist.xml; path = Info.plist; sourceTree = "<group>"; };
		09B45C9B2496D442001D1CC1 /* LoginFormController.swift */ = {isa = PBXFileReference; lastKnownFileType = sourcecode.swift; path = LoginFormController.swift; sourceTree = "<group>"; };
/* End PBXFileReference section */

/* Begin PBXFrameworksBuildPhase section */
		09B45C812496C0EB001D1CC1 /* Frameworks */ = {
			isa = PBXFrameworksBuildPhase;
			buildActionMask = 2147483647;
			files = (
			);
			runOnlyForDeploymentPostprocessing = 0;
		};
/* End PBXFrameworksBuildPhase section */

/* Begin PBXGroup section */
		0949EC62249EA33A00DFC160 /* AllGroups */ = {
			isa = PBXGroup;
			children = (
				0949EC65249EA3C500DFC160 /* AllGroupsCell.swift */,
				0949EC63249EA3A000DFC160 /* AllGroupsController.swift */,
			);
			path = AllGroups;
			sourceTree = "<group>";
		};
		0949EC67249F69E000DFC160 /* MyGroups */ = {
			isa = PBXGroup;
			children = (
				0949EC6A249F6A4B00DFC160 /* MyGroupsCell.swift */,
				0949EC68249F6A2D00DFC160 /* MyGroupsController.swift */,
			);
			path = MyGroups;
			sourceTree = "<group>";
		};
		0949EC6C249F6F4C00DFC160 /* Friends */ = {
			isa = PBXGroup;
			children = (
				0949EC6D249F6F7600DFC160 /* FriendsCell.swift */,
				0949EC6F249F6F8C00DFC160 /* FriendsController.swift */,
			);
			path = Friends;
			sourceTree = "<group>";
		};
		0949EC71249F725F00DFC160 /* Photo */ = {
			isa = PBXGroup;
			children = (
				0949EC72249F729200DFC160 /* PhotoController.swift */,
				0949EC74249F72A700DFC160 /* PhotoCell.swift */,
			);
			path = Photo;
			sourceTree = "<group>";
		};
		0949EC76249F755C00DFC160 /* Model */ = {
			isa = PBXGroup;
			children = (
				0949EC77249F760400DFC160 /* User.swift */,
				0949EC79249F762F00DFC160 /* Group.swift */,
			);
			path = Model;
			sourceTree = "<group>";
		};
		09B45C7B2496C0EB001D1CC1 = {
			isa = PBXGroup;
			children = (
				09B45C862496C0EB001D1CC1 /* VK_app */,
				09B45C852496C0EB001D1CC1 /* Products */,
				0949EC76249F755C00DFC160 /* Model */,
			);
			sourceTree = "<group>";
		};
		09B45C852496C0EB001D1CC1 /* Products */ = {
			isa = PBXGroup;
			children = (
				09B45C842496C0EB001D1CC1 /* VK_app.app */,
			);
			name = Products;
			sourceTree = "<group>";
		};
		09B45C862496C0EB001D1CC1 /* VK_app */ = {
			isa = PBXGroup;
			children = (
				0949EC71249F725F00DFC160 /* Photo */,
				0949EC6C249F6F4C00DFC160 /* Friends */,
				0949EC67249F69E000DFC160 /* MyGroups */,
				0949EC62249EA33A00DFC160 /* AllGroups */,
				09B45C872496C0EB001D1CC1 /* AppDelegate.swift */,
				09B45C9B2496D442001D1CC1 /* LoginFormController.swift */,
				09B45C8D2496C0EB001D1CC1 /* Main.storyboard */,
				09B45C902496C0EE001D1CC1 /* Assets.xcassets */,
				09B45C922496C0EE001D1CC1 /* LaunchScreen.storyboard */,
				09B45C952496C0EE001D1CC1 /* Info.plist */,
			);
			path = VK_app;
			sourceTree = "<group>";
		};
/* End PBXGroup section */

/* Begin PBXNativeTarget section */
		09B45C832496C0EB001D1CC1 /* VK_app */ = {
			isa = PBXNativeTarget;
			buildConfigurationList = 09B45C982496C0EE001D1CC1 /* Build configuration list for PBXNativeTarget "VK_app" */;
			buildPhases = (
				09B45C802496C0EB001D1CC1 /* Sources */,
				09B45C812496C0EB001D1CC1 /* Frameworks */,
				09B45C822496C0EB001D1CC1 /* Resources */,
			);
			buildRules = (
			);
			dependencies = (
			);
			name = VK_app;
			productName = VK_app;
			productReference = 09B45C842496C0EB001D1CC1 /* VK_app.app */;
			productType = "com.apple.product-type.application";
		};
/* End PBXNativeTarget section */

/* Begin PBXProject section */
		09B45C7C2496C0EB001D1CC1 /* Project object */ = {
			isa = PBXProject;
			attributes = {
				LastSwiftUpdateCheck = 1150;
				LastUpgradeCheck = 1150;
				ORGANIZATIONNAME = "Юлия Ишмурзина";
				TargetAttributes = {
					09B45C832496C0EB001D1CC1 = {
						CreatedOnToolsVersion = 11.5;
					};
				};
			};
			buildConfigurationList = 09B45C7F2496C0EB001D1CC1 /* Build configuration list for PBXProject "VK_app" */;
			compatibilityVersion = "Xcode 9.3";
			developmentRegion = en;
			hasScannedForEncodings = 0;
			knownRegions = (
				en,
				Base,
			);
			mainGroup = 09B45C7B2496C0EB001D1CC1;
			productRefGroup = 09B45C852496C0EB001D1CC1 /* Products */;
			projectDirPath = "";
			projectRoot = "";
			targets = (
				09B45C832496C0EB001D1CC1 /* VK_app */,
			);
		};
/* End PBXProject section */

/* Begin PBXResourcesBuildPhase section */
		09B45C822496C0EB001D1CC1 /* Resources */ = {
			isa = PBXResourcesBuildPhase;
			buildActionMask = 2147483647;
			files = (
				09B45C942496C0EE001D1CC1 /* LaunchScreen.storyboard in Resources */,
				09B45C912496C0EE001D1CC1 /* Assets.xcassets in Resources */,
				09B45C8F2496C0EB001D1CC1 /* Main.storyboard in Resources */,
			);
			runOnlyForDeploymentPostprocessing = 0;
		};
/* End PBXResourcesBuildPhase section */

/* Begin PBXSourcesBuildPhase section */
		09B45C802496C0EB001D1CC1 /* Sources */ = {
			isa = PBXSourcesBuildPhase;
			buildActionMask = 2147483647;
			files = (
				0949EC64249EA3A000DFC160 /* AllGroupsController.swift in Sources */,
				0949EC70249F6F8C00DFC160 /* FriendsController.swift in Sources */,
				09B45C9C2496D442001D1CC1 /* LoginFormController.swift in Sources */,
				0949EC7A249F762F00DFC160 /* Group.swift in Sources */,
				0949EC73249F729200DFC160 /* PhotoController.swift in Sources */,
				0949EC69249F6A2D00DFC160 /* MyGroupsController.swift in Sources */,
				09B45C882496C0EB001D1CC1 /* AppDelegate.swift in Sources */,
				0949EC75249F72A700DFC160 /* PhotoCell.swift in Sources */,
				0949EC66249EA3C500DFC160 /* AllGroupsCell.swift in Sources */,
				0949EC6B249F6A4B00DFC160 /* MyGroupsCell.swift in Sources */,
				0949EC6E249F6F7600DFC160 /* FriendsCell.swift in Sources */,
				0949EC78249F760400DFC160 /* User.swift in Sources */,
			);
			runOnlyForDeploymentPostprocessing = 0;
		};
/* End PBXSourcesBuildPhase section */

/* Begin PBXVariantGroup section */
		09B45C8D2496C0EB001D1CC1 /* Main.storyboard */ = {
			isa = PBXVariantGroup;
			children = (
				09B45C8E2496C0EB001D1CC1 /* Base */,
			);
			name = Main.storyboard;
			sourceTree = "<group>";
		};
		09B45C922496C0EE001D1CC1 /* LaunchScreen.storyboard */ = {
			isa = PBXVariantGroup;
			children = (
				09B45C932496C0EE001D1CC1 /* Base */,
			);
			name = LaunchScreen.storyboard;
			sourceTree = "<group>";
		};
/* End PBXVariantGroup section */

/* Begin XCBuildConfiguration section */
		09B45C962496C0EE001D1CC1 /* Debug */ = {
			isa = XCBuildConfiguration;
			buildSettings = {
				ALWAYS_SEARCH_USER_PATHS = NO;
				CLANG_ANALYZER_NONNULL = YES;
				CLANG_ANALYZER_NUMBER_OBJECT_CONVERSION = YES_AGGRESSIVE;
				CLANG_CXX_LANGUAGE_STANDARD = "gnu++14";
				CLANG_CXX_LIBRARY = "libc++";
				CLANG_ENABLE_MODULES = YES;
				CLANG_ENABLE_OBJC_ARC = YES;
				CLANG_ENABLE_OBJC_WEAK = YES;
				CLANG_WARN_BLOCK_CAPTURE_AUTORELEASING = YES;
				CLANG_WARN_BOOL_CONVERSION = YES;
				CLANG_WARN_COMMA = YES;
				CLANG_WARN_CONSTANT_CONVERSION = YES;
				CLANG_WARN_DEPRECATED_OBJC_IMPLEMENTATIONS = YES;
				CLANG_WARN_DIRECT_OBJC_ISA_USAGE = YES_ERROR;
				CLANG_WARN_DOCUMENTATION_COMMENTS = YES;
				CLANG_WARN_EMPTY_BODY = YES;
				CLANG_WARN_ENUM_CONVERSION = YES;
				CLANG_WARN_INFINITE_RECURSION = YES;
				CLANG_WARN_INT_CONVERSION = YES;
				CLANG_WARN_NON_LITERAL_NULL_CONVERSION = YES;
				CLANG_WARN_OBJC_IMPLICIT_RETAIN_SELF = YES;
				CLANG_WARN_OBJC_LITERAL_CONVERSION = YES;
				CLANG_WARN_OBJC_ROOT_CLASS = YES_ERROR;
				CLANG_WARN_RANGE_LOOP_ANALYSIS = YES;
				CLANG_WARN_STRICT_PROTOTYPES = YES;
				CLANG_WARN_SUSPICIOUS_MOVE = YES;
				CLANG_WARN_UNGUARDED_AVAILABILITY = YES_AGGRESSIVE;
				CLANG_WARN_UNREACHABLE_CODE = YES;
				CLANG_WARN__DUPLICATE_METHOD_MATCH = YES;
				COPY_PHASE_STRIP = NO;
				DEBUG_INFORMATION_FORMAT = dwarf;
				ENABLE_STRICT_OBJC_MSGSEND = YES;
				ENABLE_TESTABILITY = YES;
				GCC_C_LANGUAGE_STANDARD = gnu11;
				GCC_DYNAMIC_NO_PIC = NO;
				GCC_NO_COMMON_BLOCKS = YES;
				GCC_OPTIMIZATION_LEVEL = 0;
				GCC_PREPROCESSOR_DEFINITIONS = (
					"DEBUG=1",
					"$(inherited)",
				);
				GCC_WARN_64_TO_32_BIT_CONVERSION = YES;
				GCC_WARN_ABOUT_RETURN_TYPE = YES_ERROR;
				GCC_WARN_UNDECLARED_SELECTOR = YES;
				GCC_WARN_UNINITIALIZED_AUTOS = YES_AGGRESSIVE;
				GCC_WARN_UNUSED_FUNCTION = YES;
				GCC_WARN_UNUSED_VARIABLE = YES;
				IPHONEOS_DEPLOYMENT_TARGET = 13.5;
				MTL_ENABLE_DEBUG_INFO = INCLUDE_SOURCE;
				MTL_FAST_MATH = YES;
				ONLY_ACTIVE_ARCH = YES;
				SDKROOT = iphoneos;
				SWIFT_ACTIVE_COMPILATION_CONDITIONS = DEBUG;
				SWIFT_OPTIMIZATION_LEVEL = "-Onone";
			};
			name = Debug;
		};
		09B45C972496C0EE001D1CC1 /* Release */ = {
			isa = XCBuildConfiguration;
			buildSettings = {
				ALWAYS_SEARCH_USER_PATHS = NO;
				CLANG_ANALYZER_NONNULL = YES;
				CLANG_ANALYZER_NUMBER_OBJECT_CONVERSION = YES_AGGRESSIVE;
				CLANG_CXX_LANGUAGE_STANDARD = "gnu++14";
				CLANG_CXX_LIBRARY = "libc++";
				CLANG_ENABLE_MODULES = YES;
				CLANG_ENABLE_OBJC_ARC = YES;
				CLANG_ENABLE_OBJC_WEAK = YES;
				CLANG_WARN_BLOCK_CAPTURE_AUTORELEASING = YES;
				CLANG_WARN_BOOL_CONVERSION = YES;
				CLANG_WARN_COMMA = YES;
				CLANG_WARN_CONSTANT_CONVERSION = YES;
				CLANG_WARN_DEPRECATED_OBJC_IMPLEMENTATIONS = YES;
				CLANG_WARN_DIRECT_OBJC_ISA_USAGE = YES_ERROR;
				CLANG_WARN_DOCUMENTATION_COMMENTS = YES;
				CLANG_WARN_EMPTY_BODY = YES;
				CLANG_WARN_ENUM_CONVERSION = YES;
				CLANG_WARN_INFINITE_RECURSION = YES;
				CLANG_WARN_INT_CONVERSION = YES;
				CLANG_WARN_NON_LITERAL_NULL_CONVERSION = YES;
				CLANG_WARN_OBJC_IMPLICIT_RETAIN_SELF = YES;
				CLANG_WARN_OBJC_LITERAL_CONVERSION = YES;
				CLANG_WARN_OBJC_ROOT_CLASS = YES_ERROR;
				CLANG_WARN_RANGE_LOOP_ANALYSIS = YES;
				CLANG_WARN_STRICT_PROTOTYPES = YES;
				CLANG_WARN_SUSPICIOUS_MOVE = YES;
				CLANG_WARN_UNGUARDED_AVAILABILITY = YES_AGGRESSIVE;
				CLANG_WARN_UNREACHABLE_CODE = YES;
				CLANG_WARN__DUPLICATE_METHOD_MATCH = YES;
				COPY_PHASE_STRIP = NO;
				DEBUG_INFORMATION_FORMAT = "dwarf-with-dsym";
				ENABLE_NS_ASSERTIONS = NO;
				ENABLE_STRICT_OBJC_MSGSEND = YES;
				GCC_C_LANGUAGE_STANDARD = gnu11;
				GCC_NO_COMMON_BLOCKS = YES;
				GCC_WARN_64_TO_32_BIT_CONVERSION = YES;
				GCC_WARN_ABOUT_RETURN_TYPE = YES_ERROR;
				GCC_WARN_UNDECLARED_SELECTOR = YES;
				GCC_WARN_UNINITIALIZED_AUTOS = YES_AGGRESSIVE;
				GCC_WARN_UNUSED_FUNCTION = YES;
				GCC_WARN_UNUSED_VARIABLE = YES;
				IPHONEOS_DEPLOYMENT_TARGET = 13.5;
				MTL_ENABLE_DEBUG_INFO = NO;
				MTL_FAST_MATH = YES;
				SDKROOT = iphoneos;
				SWIFT_COMPILATION_MODE = wholemodule;
				SWIFT_OPTIMIZATION_LEVEL = "-O";
				VALIDATE_PRODUCT = YES;
			};
			name = Release;
		};
		09B45C992496C0EE001D1CC1 /* Debug */ = {
			isa = XCBuildConfiguration;
			buildSettings = {
				ASSETCATALOG_COMPILER_APPICON_NAME = AppIcon;
				CODE_SIGN_STYLE = Automatic;
				DEVELOPMENT_TEAM = T8G9B8Z8V2;
				INFOPLIST_FILE = VK_app/Info.plist;
				LD_RUNPATH_SEARCH_PATHS = (
					"$(inherited)",
					"@executable_path/Frameworks",
				);
				PRODUCT_BUNDLE_IDENTIFIER = "YuliyaIshmurzina.VK-app";
				PRODUCT_NAME = "$(TARGET_NAME)";
				SWIFT_VERSION = 5.0;
				TARGETED_DEVICE_FAMILY = "1,2";
			};
			name = Debug;
		};
		09B45C9A2496C0EE001D1CC1 /* Release */ = {
			isa = XCBuildConfiguration;
			buildSettings = {
				ASSETCATALOG_COMPILER_APPICON_NAME = AppIcon;
				CODE_SIGN_STYLE = Automatic;
				DEVELOPMENT_TEAM = T8G9B8Z8V2;
				INFOPLIST_FILE = VK_app/Info.plist;
				LD_RUNPATH_SEARCH_PATHS = (
					"$(inherited)",
					"@executable_path/Frameworks",
				);
				PRODUCT_BUNDLE_IDENTIFIER = "YuliyaIshmurzina.VK-app";
				PRODUCT_NAME = "$(TARGET_NAME)";
				SWIFT_VERSION = 5.0;
				TARGETED_DEVICE_FAMILY = "1,2";
			};
			name = Release;
		};
/* End XCBuildConfiguration section */

/* Begin XCConfigurationList section */
		09B45C7F2496C0EB001D1CC1 /* Build configuration list for PBXProject "VK_app" */ = {
			isa = XCConfigurationList;
			buildConfigurations = (
				09B45C962496C0EE001D1CC1 /* Debug */,
				09B45C972496C0EE001D1CC1 /* Release */,
			);
			defaultConfigurationIsVisible = 0;
			defaultConfigurationName = Release;
		};
		09B45C982496C0EE001D1CC1 /* Build configuration list for PBXNativeTarget "VK_app" */ = {
			isa = XCConfigurationList;
			buildConfigurations = (
				09B45C992496C0EE001D1CC1 /* Debug */,
				09B45C9A2496C0EE001D1CC1 /* Release */,
			);
			defaultConfigurationIsVisible = 0;
			defaultConfigurationName = Release;
		};
/* End XCConfigurationList section */
	};
	rootObject = 09B45C7C2496C0EB001D1CC1 /* Project object */;
}
